{
  "name": "crypto-release-radar",
  "version": "0.1.0",
  "lockfileVersion": 3,
  "requires": true,
  "packages": {
    "": {
      "name": "crypto-release-radar",
      "version": "0.1.0",
      "license": "MIT",
      "bin": {
        "crypto-release-radar": "bin/crypto-release-radar.js"
      },
      "engines": {
        "node": ">=22"
      }
    }
  }
}
